
Microsoft Visual Studio Solution File, Format Version 12.00
# Visual Studio Version 16
VisualStudioVersion = 16.0.29519.181
MinimumVisualStudioVersion = 10.0.40219.1
Project("{FAE04EC0-301F-11D3-BF4B-00C04F79EFBC}") = "TcpIp", "TcpIp\TcpIp.csproj", "{38AF0FBF-6124-4859-8240-5C2F9D1EC11F}"
EndProject
Project("{FAE04EC0-301F-11D3-BF4B-00C04F79EFBC}") = "ClientApp", "ClientApp\ClientApp.csproj", "{CC6D74B8-80D4-4085-B181-BC331FC41AAE}"
EndProject
Global
	GlobalSection(SolutionConfigurationPlatforms) = preSolution
		Debug|Any CPU = Debug|Any CPU
		Release|Any CPU = Release|Any CPU
	EndGlobalSection
	GlobalSection(ProjectConfigurationPlatforms) = postSolution
		{38AF0FBF-6124-4859-8240-5C2F9D1EC11F}.Debug|Any CPU.ActiveCfg = Debug|Any CPU
		{38AF0FBF-6124-4859-8240-5C2F9D1EC11F}.Debug|Any CPU.Build.0 = Debug|Any CPU
		{38AF0FBF-6124-4859-8240-5C2F9D1EC11F}.Release|Any CPU.ActiveCfg = Release|Any CPU
		{38AF0FBF-6124-4859-8240-5C2F9D1EC11F}.Release|Any CPU.Build.0 = Release|Any CPU
		{CC6D74B8-80D4-4085-B181-BC331FC41AAE}.Debug|Any CPU.ActiveCfg = Debug|Any CPU
		{CC6D74B8-80D4-4085-B181-BC331FC41AAE}.Debug|Any CPU.Build.0 = Debug|Any CPU
		{CC6D74B8-80D4-4085-B181-BC331FC41AAE}.Release|Any CPU.ActiveCfg = Release|Any CPU
		{CC6D74B8-80D4-4085-B181-BC331FC41AAE}.Release|Any CPU.Build.0 = Release|Any CPU
	EndGlobalSection
	GlobalSection(SolutionProperties) = preSolution
		HideSolutionNode = FALSE
	EndGlobalSection
	GlobalSection(ExtensibilityGlobals) = postSolution
		SolutionGuid = {AC8E369D-54E3-498E-B3D7-A5F4AABD6EAE}
	EndGlobalSection
EndGlobal
